// !$*UTF8*$!
{
	archiveVersion = 1;
	classes = {
	};
	objectVersion = 48;
	objects = {

/* Begin PBXBuildFile section */
		372E5FCD206EB0F900385C65 /* GraphView.swift in Sources */ = {isa = PBXBuildFile; fileRef = 372E5FCC206EB0F900385C65 /* GraphView.swift */; };
		373720D3207E76E50033D631 /* Bundle+VersionNumber.swift in Sources */ = {isa = PBXBuildFile; fileRef = 373720D2207E76E50033D631 /* Bundle+VersionNumber.swift */; };
		3758B9AF207325D6005E3DA2 /* LoadRollsTableViewController.swift in Sources */ = {isa = PBXBuildFile; fileRef = 3758B9AE207325D6005E3DA2 /* LoadRollsTableViewController.swift */; };
		3758B9B22073FC19005E3DA2 /* StatsTutorialViewController.swift in Sources */ = {isa = PBXBuildFile; fileRef = 3758B9B12073FC19005E3DA2 /* StatsTutorialViewController.swift */; };
		377868E1206EED3D003A32D8 /* OptionsViewController.swift in Sources */ = {isa = PBXBuildFile; fileRef = 377868E0206EED3D003A32D8 /* OptionsViewController.swift */; };
		377868E320718E07003A32D8 /* RollCounts.swift in Sources */ = {isa = PBXBuildFile; fileRef = 377868E220718E07003A32D8 /* RollCounts.swift */; };
		377868E520718E2F003A32D8 /* RollCountsController.swift in Sources */ = {isa = PBXBuildFile; fileRef = 377868E420718E2E003A32D8 /* RollCountsController.swift */; };
		3779FBBB206DA47F00B86AFA /* NumberView.xib in Resources */ = {isa = PBXBuildFile; fileRef = 3779FBBA206DA47F00B86AFA /* NumberView.xib */; };
		3779FBC1206DA5A100B86AFA /* NumberView.swift in Sources */ = {isa = PBXBuildFile; fileRef = 3779FBC0206DA5A100B86AFA /* NumberView.swift */; };
		378E8CC6206AAAD900CB67D7 /* AppDelegate.swift in Sources */ = {isa = PBXBuildFile; fileRef = 378E8CC5206AAAD900CB67D7 /* AppDelegate.swift */; };
		378E8CC8206AAAD900CB67D7 /* ViewController.swift in Sources */ = {isa = PBXBuildFile; fileRef = 378E8CC7206AAAD900CB67D7 /* ViewController.swift */; };
		378E8CCB206AAAD900CB67D7 /* Main.storyboard in Resources */ = {isa = PBXBuildFile; fileRef = 378E8CC9206AAAD900CB67D7 /* Main.storyboard */; };
		378E8CCD206AAAD900CB67D7 /* Assets.xcassets in Resources */ = {isa = PBXBuildFile; fileRef = 378E8CCC206AAAD900CB67D7 /* Assets.xcassets */; };
		378E8CD0206AAAD900CB67D7 /* LaunchScreen.storyboard in Resources */ = {isa = PBXBuildFile; fileRef = 378E8CCE206AAAD900CB67D7 /* LaunchScreen.storyboard */; };
		378E8CD8206AFDAB00CB67D7 /* ButtonViewController.swift in Sources */ = {isa = PBXBuildFile; fileRef = 378E8CD7206AFDAB00CB67D7 /* ButtonViewController.swift */; };
		378E8CDA206AFDB500CB67D7 /* GraphViewController.swift in Sources */ = {isa = PBXBuildFile; fileRef = 378E8CD9206AFDB500CB67D7 /* GraphViewController.swift */; };
		3793F7E52072B83200A083BF /* UIColor+Random.swift in Sources */ = {isa = PBXBuildFile; fileRef = 3793F7E42072B83200A083BF /* UIColor+Random.swift */; };
		37AC8E2620DDABB400A6C673 /* CombinedRollCounts.swift in Sources */ = {isa = PBXBuildFile; fileRef = 37AC8E2520DDABB400A6C673 /* CombinedRollCounts.swift */; };
		37C86D9520781D54004F66FE /* Options.swift in Sources */ = {isa = PBXBuildFile; fileRef = 37C86D9420781D54004F66FE /* Options.swift */; };
		37C86D97207ACC08004F66FE /* RecentRollsViewController.swift in Sources */ = {isa = PBXBuildFile; fileRef = 37C86D96207ACC08004F66FE /* RecentRollsViewController.swift */; };
/* End PBXBuildFile section */

/* Begin PBXFileReference section */
		372E5FCC206EB0F900385C65 /* GraphView.swift */ = {isa = PBXFileReference; lastKnownFileType = sourcecode.swift; path = GraphView.swift; sourceTree = "<group>"; };
		373720D2207E76E50033D631 /* Bundle+VersionNumber.swift */ = {isa = PBXFileReference; lastKnownFileType = sourcecode.swift; path = "Bundle+VersionNumber.swift"; sourceTree = "<group>"; };
		3758B9AE207325D6005E3DA2 /* LoadRollsTableViewController.swift */ = {isa = PBXFileReference; lastKnownFileType = sourcecode.swift; path = LoadRollsTableViewController.swift; sourceTree = "<group>"; };
		3758B9B12073FC19005E3DA2 /* StatsTutorialViewController.swift */ = {isa = PBXFileReference; lastKnownFileType = sourcecode.swift; path = StatsTutorialViewController.swift; sourceTree = "<group>"; };
		377868E0206EED3D003A32D8 /* OptionsViewController.swift */ = {isa = PBXFileReference; lastKnownFileType = sourcecode.swift; path = OptionsViewController.swift; sourceTree = "<group>"; };
		377868E220718E07003A32D8 /* RollCounts.swift */ = {isa = PBXFileReference; lastKnownFileType = sourcecode.swift; path = RollCounts.swift; sourceTree = "<group>"; };
		377868E420718E2E003A32D8 /* RollCountsController.swift */ = {isa = PBXFileReference; lastKnownFileType = sourcecode.swift; path = RollCountsController.swift; sourceTree = "<group>"; };
		3779FBBA206DA47F00B86AFA /* NumberView.xib */ = {isa = PBXFileReference; lastKnownFileType = file.xib; path = NumberView.xib; sourceTree = "<group>"; };
		3779FBC0206DA5A100B86AFA /* NumberView.swift */ = {isa = PBXFileReference; lastKnownFileType = sourcecode.swift; path = NumberView.swift; sourceTree = "<group>"; };
		378E8CC2206AAAD900CB67D7 /* dice-fairness.app */ = {isa = PBXFileReference; explicitFileType = wrapper.application; includeInIndex = 0; path = "dice-fairness.app"; sourceTree = BUILT_PRODUCTS_DIR; };
		378E8CC5206AAAD900CB67D7 /* AppDelegate.swift */ = {isa = PBXFileReference; lastKnownFileType = sourcecode.swift; path = AppDelegate.swift; sourceTree = "<group>"; };
		378E8CC7206AAAD900CB67D7 /* ViewController.swift */ = {isa = PBXFileReference; lastKnownFileType = sourcecode.swift; path = ViewController.swift; sourceTree = "<group>"; };
		378E8CCA206AAAD900CB67D7 /* Base */ = {isa = PBXFileReference; lastKnownFileType = file.storyboard; name = Base; path = Base.lproj/Main.storyboard; sourceTree = "<group>"; };
		378E8CCC206AAAD900CB67D7 /* Assets.xcassets */ = {isa = PBXFileReference; lastKnownFileType = folder.assetcatalog; path = Assets.xcassets; sourceTree = "<group>"; };
		378E8CCF206AAAD900CB67D7 /* Base */ = {isa = PBXFileReference; lastKnownFileType = file.storyboard; name = Base; path = Base.lproj/LaunchScreen.storyboard; sourceTree = "<group>"; };
		378E8CD1206AAAD900CB67D7 /* Info.plist */ = {isa = PBXFileReference; lastKnownFileType = text.plist.xml; path = Info.plist; sourceTree = "<group>"; };
		378E8CD7206AFDAB00CB67D7 /* ButtonViewController.swift */ = {isa = PBXFileReference; lastKnownFileType = sourcecode.swift; path = ButtonViewController.swift; sourceTree = "<group>"; };
		378E8CD9206AFDB500CB67D7 /* GraphViewController.swift */ = {isa = PBXFileReference; lastKnownFileType = sourcecode.swift; path = GraphViewController.swift; sourceTree = "<group>"; };
		3793F7E42072B83200A083BF /* UIColor+Random.swift */ = {isa = PBXFileReference; lastKnownFileType = sourcecode.swift; path = "UIColor+Random.swift"; sourceTree = "<group>"; };
		37AC8E2520DDABB400A6C673 /* CombinedRollCounts.swift */ = {isa = PBXFileReference; lastKnownFileType = sourcecode.swift; path = CombinedRollCounts.swift; sourceTree = "<group>"; };
		37C86D9420781D54004F66FE /* Options.swift */ = {isa = PBXFileReference; lastKnownFileType = sourcecode.swift; path = Options.swift; sourceTree = "<group>"; };
		37C86D96207ACC08004F66FE /* RecentRollsViewController.swift */ = {isa = PBXFileReference; lastKnownFileType = sourcecode.swift; path = RecentRollsViewController.swift; sourceTree = "<group>"; };
/* End PBXFileReference section */

/* Begin PBXFrameworksBuildPhase section */
		378E8CBF206AAAD900CB67D7 /* Frameworks */ = {
			isa = PBXFrameworksBuildPhase;
			buildActionMask = 2147483647;
			files = (
			);
			runOnlyForDeploymentPostprocessing = 0;
		};
/* End PBXFrameworksBuildPhase section */

/* Begin PBXGroup section */
		3758B9B020732755005E3DA2 /* options */ = {
			isa = PBXGroup;
			children = (
				377868E0206EED3D003A32D8 /* OptionsViewController.swift */,
				37C86D9420781D54004F66FE /* Options.swift */,
				3758B9AE207325D6005E3DA2 /* LoadRollsTableViewController.swift */,
				3758B9B12073FC19005E3DA2 /* StatsTutorialViewController.swift */,
			);
			path = options;
			sourceTree = "<group>";
		};
		377868E620729165003A32D8 /* model */ = {
			isa = PBXGroup;
			children = (
				377868E420718E2E003A32D8 /* RollCountsController.swift */,
				377868E220718E07003A32D8 /* RollCounts.swift */,
				37AC8E2520DDABB400A6C673 /* CombinedRollCounts.swift */,
			);
			path = model;
			sourceTree = "<group>";
		};
		377868E72072917A003A32D8 /* main page views */ = {
			isa = PBXGroup;
			children = (
				378E8CC7206AAAD900CB67D7 /* ViewController.swift */,
				378E8CD7206AFDAB00CB67D7 /* ButtonViewController.swift */,
				37C86D96207ACC08004F66FE /* RecentRollsViewController.swift */,
				3779FBC0206DA5A100B86AFA /* NumberView.swift */,
				3779FBBA206DA47F00B86AFA /* NumberView.xib */,
				378E8CD9206AFDB500CB67D7 /* GraphViewController.swift */,
				372E5FCC206EB0F900385C65 /* GraphView.swift */,
			);
			path = "main page views";
			sourceTree = "<group>";
		};
		378E8CB9206AAAD900CB67D7 = {
			isa = PBXGroup;
			children = (
				378E8CC4206AAAD900CB67D7 /* dice-fairness */,
				378E8CC3206AAAD900CB67D7 /* Products */,
			);
			sourceTree = "<group>";
		};
		378E8CC3206AAAD900CB67D7 /* Products */ = {
			isa = PBXGroup;
			children = (
				378E8CC2206AAAD900CB67D7 /* dice-fairness.app */,
			);
			name = Products;
			sourceTree = "<group>";
		};
		378E8CC4206AAAD900CB67D7 /* dice-fairness */ = {
			isa = PBXGroup;
			children = (
				378E8CC9206AAAD900CB67D7 /* Main.storyboard */,
				378E8CC5206AAAD900CB67D7 /* AppDelegate.swift */,
				377868E620729165003A32D8 /* model */,
				377868E72072917A003A32D8 /* main page views */,
				3758B9B020732755005E3DA2 /* options */,
				3793F7E42072B83200A083BF /* UIColor+Random.swift */,
				373720D2207E76E50033D631 /* Bundle+VersionNumber.swift */,
				378E8CCC206AAAD900CB67D7 /* Assets.xcassets */,
				378E8CCE206AAAD900CB67D7 /* LaunchScreen.storyboard */,
				378E8CD1206AAAD900CB67D7 /* Info.plist */,
			);
			path = "dice-fairness";
			sourceTree = "<group>";
		};
/* End PBXGroup section */

/* Begin PBXNativeTarget section */
		378E8CC1206AAAD900CB67D7 /* dice-fairness */ = {
			isa = PBXNativeTarget;
			buildConfigurationList = 378E8CD4206AAAD900CB67D7 /* Build configuration list for PBXNativeTarget "dice-fairness" */;
			buildPhases = (
				378E8CBE206AAAD900CB67D7 /* Sources */,
				378E8CBF206AAAD900CB67D7 /* Frameworks */,
				378E8CC0206AAAD900CB67D7 /* Resources */,
			);
			buildRules = (
			);
			dependencies = (
			);
			name = "dice-fairness";
			productName = "dice-fairness";
			productReference = 378E8CC2206AAAD900CB67D7 /* dice-fairness.app */;
			productType = "com.apple.product-type.application";
		};
/* End PBXNativeTarget section */

/* Begin PBXProject section */
		378E8CBA206AAAD900CB67D7 /* Project object */ = {
			isa = PBXProject;
			attributes = {
				LastSwiftUpdateCheck = 0920;
				LastUpgradeCheck = 0930;
				ORGANIZATIONNAME = "Bender Systems";
				TargetAttributes = {
					378E8CC1206AAAD900CB67D7 = {
						CreatedOnToolsVersion = 9.2;
						ProvisioningStyle = Automatic;
					};
				};
			};
			buildConfigurationList = 378E8CBD206AAAD900CB67D7 /* Build configuration list for PBXProject "dice-fairness" */;
			compatibilityVersion = "Xcode 8.0";
			developmentRegion = en;
			hasScannedForEncodings = 0;
			knownRegions = (
				en,
				Base,
			);
			mainGroup = 378E8CB9206AAAD900CB67D7;
			productRefGroup = 378E8CC3206AAAD900CB67D7 /* Products */;
			projectDirPath = "";
			projectRoot = "";
			targets = (
				378E8CC1206AAAD900CB67D7 /* dice-fairness */,
			);
		};
/* End PBXProject section */

/* Begin PBXResourcesBuildPhase section */
		378E8CC0206AAAD900CB67D7 /* Resources */ = {
			isa = PBXResourcesBuildPhase;
			buildActionMask = 2147483647;
			files = (
				378E8CD0206AAAD900CB67D7 /* LaunchScreen.storyboard in Resources */,
				378E8CCD206AAAD900CB67D7 /* Assets.xcassets in Resources */,
				378E8CCB206AAAD900CB67D7 /* Main.storyboard in Resources */,
				3779FBBB206DA47F00B86AFA /* NumberView.xib in Resources */,
			);
			runOnlyForDeploymentPostprocessing = 0;
		};
/* End PBXResourcesBuildPhase section */

/* Begin PBXSourcesBuildPhase section */
		378E8CBE206AAAD900CB67D7 /* Sources */ = {
			isa = PBXSourcesBuildPhase;
			buildActionMask = 2147483647;
			files = (
				377868E320718E07003A32D8 /* RollCounts.swift in Sources */,
				378E8CC8206AAAD900CB67D7 /* ViewController.swift in Sources */,
				37C86D9520781D54004F66FE /* Options.swift in Sources */,
				378E8CDA206AFDB500CB67D7 /* GraphViewController.swift in Sources */,
				378E8CD8206AFDAB00CB67D7 /* ButtonViewController.swift in Sources */,
				377868E1206EED3D003A32D8 /* OptionsViewController.swift in Sources */,
				377868E520718E2F003A32D8 /* RollCountsController.swift in Sources */,
				3779FBC1206DA5A100B86AFA /* NumberView.swift in Sources */,
				378E8CC6206AAAD900CB67D7 /* AppDelegate.swift in Sources */,
				37AC8E2620DDABB400A6C673 /* CombinedRollCounts.swift in Sources */,
				3758B9AF207325D6005E3DA2 /* LoadRollsTableViewController.swift in Sources */,
				37C86D97207ACC08004F66FE /* RecentRollsViewController.swift in Sources */,
				373720D3207E76E50033D631 /* Bundle+VersionNumber.swift in Sources */,
				3793F7E52072B83200A083BF /* UIColor+Random.swift in Sources */,
				3758B9B22073FC19005E3DA2 /* StatsTutorialViewController.swift in Sources */,
				372E5FCD206EB0F900385C65 /* GraphView.swift in Sources */,
			);
			runOnlyForDeploymentPostprocessing = 0;
		};
/* End PBXSourcesBuildPhase section */

/* Begin PBXVariantGroup section */
		378E8CC9206AAAD900CB67D7 /* Main.storyboard */ = {
			isa = PBXVariantGroup;
			children = (
				378E8CCA206AAAD900CB67D7 /* Base */,
			);
			name = Main.storyboard;
			sourceTree = "<group>";
		};
		378E8CCE206AAAD900CB67D7 /* LaunchScreen.storyboard */ = {
			isa = PBXVariantGroup;
			children = (
				378E8CCF206AAAD900CB67D7 /* Base */,
			);
			name = LaunchScreen.storyboard;
			sourceTree = "<group>";
		};
/* End PBXVariantGroup section */

/* Begin XCBuildConfiguration section */
		378E8CD2206AAAD900CB67D7 /* Debug */ = {
			isa = XCBuildConfiguration;
			buildSettings = {
				ALWAYS_SEARCH_USER_PATHS = NO;
				CLANG_ANALYZER_NONNULL = YES;
				CLANG_ANALYZER_NUMBER_OBJECT_CONVERSION = YES_AGGRESSIVE;
				CLANG_CXX_LANGUAGE_STANDARD = "gnu++14";
				CLANG_CXX_LIBRARY = "libc++";
				CLANG_ENABLE_MODULES = YES;
				CLANG_ENABLE_OBJC_ARC = YES;
				CLANG_WARN_BLOCK_CAPTURE_AUTORELEASING = YES;
				CLANG_WARN_BOOL_CONVERSION = YES;
				CLANG_WARN_COMMA = YES;
				CLANG_WARN_CONSTANT_CONVERSION = YES;
				CLANG_WARN_DEPRECATED_OBJC_IMPLEMENTATIONS = YES;
				CLANG_WARN_DIRECT_OBJC_ISA_USAGE = YES_ERROR;
				CLANG_WARN_DOCUMENTATION_COMMENTS = YES;
				CLANG_WARN_EMPTY_BODY = YES;
				CLANG_WARN_ENUM_CONVERSION = YES;
				CLANG_WARN_INFINITE_RECURSION = YES;
				CLANG_WARN_INT_CONVERSION = YES;
				CLANG_WARN_NON_LITERAL_NULL_CONVERSION = YES;
				CLANG_WARN_OBJC_IMPLICIT_RETAIN_SELF = YES;
				CLANG_WARN_OBJC_LITERAL_CONVERSION = YES;
				CLANG_WARN_OBJC_ROOT_CLASS = YES_ERROR;
				CLANG_WARN_RANGE_LOOP_ANALYSIS = YES;
				CLANG_WARN_STRICT_PROTOTYPES = YES;
				CLANG_WARN_SUSPICIOUS_MOVE = YES;
				CLANG_WARN_UNGUARDED_AVAILABILITY = YES_AGGRESSIVE;
				CLANG_WARN_UNREACHABLE_CODE = YES;
				CLANG_WARN__DUPLICATE_METHOD_MATCH = YES;
				CODE_SIGN_IDENTITY = "iPhone Developer";
				COPY_PHASE_STRIP = NO;
				DEBUG_INFORMATION_FORMAT = dwarf;
				ENABLE_STRICT_OBJC_MSGSEND = YES;
				ENABLE_TESTABILITY = YES;
				GCC_C_LANGUAGE_STANDARD = gnu11;
				GCC_DYNAMIC_NO_PIC = NO;
				GCC_NO_COMMON_BLOCKS = YES;
				GCC_OPTIMIZATION_LEVEL = 0;
				GCC_PREPROCESSOR_DEFINITIONS = (
					"DEBUG=1",
					"$(inherited)",
				);
				GCC_WARN_64_TO_32_BIT_CONVERSION = YES;
				GCC_WARN_ABOUT_RETURN_TYPE = YES_ERROR;
				GCC_WARN_UNDECLARED_SELECTOR = YES;
				GCC_WARN_UNINITIALIZED_AUTOS = YES_AGGRESSIVE;
				GCC_WARN_UNUSED_FUNCTION = YES;
				GCC_WARN_UNUSED_VARIABLE = YES;
				IPHONEOS_DEPLOYMENT_TARGET = 11.0;
				MTL_ENABLE_DEBUG_INFO = YES;
				ONLY_ACTIVE_ARCH = YES;
				SDKROOT = iphoneos;
				SWIFT_ACTIVE_COMPILATION_CONDITIONS = DEBUG;
				SWIFT_OPTIMIZATION_LEVEL = "-Onone";
			};
			name = Debug;
		};
		378E8CD3206AAAD900CB67D7 /* Release */ = {
			isa = XCBuildConfiguration;
			buildSettings = {
				ALWAYS_SEARCH_USER_PATHS = NO;
				CLANG_ANALYZER_NONNULL = YES;
				CLANG_ANALYZER_NUMBER_OBJECT_CONVERSION = YES_AGGRESSIVE;
				CLANG_CXX_LANGUAGE_STANDARD = "gnu++14";
				CLANG_CXX_LIBRARY = "libc++";
				CLANG_ENABLE_MODULES = YES;
				CLANG_ENABLE_OBJC_ARC = YES;
				CLANG_WARN_BLOCK_CAPTURE_AUTORELEASING = YES;
				CLANG_WARN_BOOL_CONVERSION = YES;
				CLANG_WARN_COMMA = YES;
				CLANG_WARN_CONSTANT_CONVERSION = YES;
				CLANG_WARN_DEPRECATED_OBJC_IMPLEMENTATIONS = YES;
				CLANG_WARN_DIRECT_OBJC_ISA_USAGE = YES_ERROR;
				CLANG_WARN_DOCUMENTATION_COMMENTS = YES;
				CLANG_WARN_EMPTY_BODY = YES;
				CLANG_WARN_ENUM_CONVERSION = YES;
				CLANG_WARN_INFINITE_RECURSION = YES;
				CLANG_WARN_INT_CONVERSION = YES;
				CLANG_WARN_NON_LITERAL_NULL_CONVERSION = YES;
				CLANG_WARN_OBJC_IMPLICIT_RETAIN_SELF = YES;
				CLANG_WARN_OBJC_LITERAL_CONVERSION = YES;
				CLANG_WARN_OBJC_ROOT_CLASS = YES_ERROR;
				CLANG_WARN_RANGE_LOOP_ANALYSIS = YES;
				CLANG_WARN_STRICT_PROTOTYPES = YES;
				CLANG_WARN_SUSPICIOUS_MOVE = YES;
				CLANG_WARN_UNGUARDED_AVAILABILITY = YES_AGGRESSIVE;
				CLANG_WARN_UNREACHABLE_CODE = YES;
				CLANG_WARN__DUPLICATE_METHOD_MATCH = YES;
				CODE_SIGN_IDENTITY = "iPhone Developer";
				COPY_PHASE_STRIP = NO;
				DEBUG_INFORMATION_FORMAT = "dwarf-with-dsym";
				ENABLE_NS_ASSERTIONS = NO;
				ENABLE_STRICT_OBJC_MSGSEND = YES;
				GCC_C_LANGUAGE_STANDARD = gnu11;
				GCC_NO_COMMON_BLOCKS = YES;
				GCC_OPTIMIZATION_LEVEL = fast;
				GCC_WARN_64_TO_32_BIT_CONVERSION = YES;
				GCC_WARN_ABOUT_RETURN_TYPE = YES_ERROR;
				GCC_WARN_UNDECLARED_SELECTOR = YES;
				GCC_WARN_UNINITIALIZED_AUTOS = YES_AGGRESSIVE;
				GCC_WARN_UNUSED_FUNCTION = YES;
				GCC_WARN_UNUSED_VARIABLE = YES;
				IPHONEOS_DEPLOYMENT_TARGET = 11.0;
				MTL_ENABLE_DEBUG_INFO = NO;
				SDKROOT = iphoneos;
				SWIFT_OPTIMIZATION_LEVEL = "-Owholemodule";
				VALIDATE_PRODUCT = YES;
			};
			name = Release;
		};
		378E8CD5206AAAD900CB67D7 /* Debug */ = {
			isa = XCBuildConfiguration;
			buildSettings = {
				ASSETCATALOG_COMPILER_APPICON_NAME = AppIcon;
				CODE_SIGN_STYLE = Automatic;
				DEVELOPMENT_TEAM = 4FF5GW8T44;
				INFOPLIST_FILE = "dice-fairness/Info.plist";
				LD_RUNPATH_SEARCH_PATHS = "$(inherited) @executable_path/Frameworks";
				PRODUCT_BUNDLE_IDENTIFIER = "org.bendersystems.dice-fairness";
				PRODUCT_NAME = "$(TARGET_NAME)";
				SWIFT_VERSION = 4.0;
				TARGETED_DEVICE_FAMILY = 1;
			};
			name = Debug;
		};
		378E8CD6206AAAD900CB67D7 /* Release */ = {
			isa = XCBuildConfiguration;
			buildSettings = {
				ASSETCATALOG_COMPILER_APPICON_NAME = AppIcon;
				CODE_SIGN_STYLE = Automatic;
				DEVELOPMENT_TEAM = 4FF5GW8T44;
				INFOPLIST_FILE = "dice-fairness/Info.plist";
				LD_RUNPATH_SEARCH_PATHS = "$(inherited) @executable_path/Frameworks";
				PRODUCT_BUNDLE_IDENTIFIER = "org.bendersystems.dice-fairness";
				PRODUCT_NAME = "$(TARGET_NAME)";
				SWIFT_VERSION = 4.0;
				TARGETED_DEVICE_FAMILY = 1;
			};
			name = Release;
		};
/* End XCBuildConfiguration section */

/* Begin XCConfigurationList section */
		378E8CBD206AAAD900CB67D7 /* Build configuration list for PBXProject "dice-fairness" */ = {
			isa = XCConfigurationList;
			buildConfigurations = (
				378E8CD2206AAAD900CB67D7 /* Debug */,
				378E8CD3206AAAD900CB67D7 /* Release */,
			);
			defaultConfigurationIsVisible = 0;
			defaultConfigurationName = Release;
		};
		378E8CD4206AAAD900CB67D7 /* Build configuration list for PBXNativeTarget "dice-fairness" */ = {
			isa = XCConfigurationList;
			buildConfigurations = (
				378E8CD5206AAAD900CB67D7 /* Debug */,
				378E8CD6206AAAD900CB67D7 /* Release */,
			);
			defaultConfigurationIsVisible = 0;
			defaultConfigurationName = Release;
		};
/* End XCConfigurationList section */
	};
	rootObject = 378E8CBA206AAAD900CB67D7 /* Project object */;
}
